// !$*UTF8*$!
{
	archiveVersion = 1;
	classes = {
	};
	objectVersion = 46;
	objects = {

/* Begin PBXBuildFile section */
		A61B40E81F73D9050066C737 /* NominalType.swift in Sources */ = {isa = PBXBuildFile; fileRef = A61B40E71F73D9050066C737 /* NominalType.swift */; };
		A61CE0A01F67EC3100CF1234 /* AppDelegate.swift in Sources */ = {isa = PBXBuildFile; fileRef = A61CE09F1F67EC3100CF1234 /* AppDelegate.swift */; };
		A61CE0A21F67EC3100CF1234 /* ViewController.swift in Sources */ = {isa = PBXBuildFile; fileRef = A61CE0A11F67EC3100CF1234 /* ViewController.swift */; };
		A61CE0A51F67EC3100CF1234 /* Main.storyboard in Resources */ = {isa = PBXBuildFile; fileRef = A61CE0A31F67EC3100CF1234 /* Main.storyboard */; };
		A61CE0A71F67EC3100CF1234 /* Assets.xcassets in Resources */ = {isa = PBXBuildFile; fileRef = A61CE0A61F67EC3100CF1234 /* Assets.xcassets */; };
		A61CE0AA1F67EC3100CF1234 /* LaunchScreen.storyboard in Resources */ = {isa = PBXBuildFile; fileRef = A61CE0A81F67EC3100CF1234 /* LaunchScreen.storyboard */; };
		A61CE0B51F67EC3100CF1234 /* JSONSwiftyTests.swift in Sources */ = {isa = PBXBuildFile; fileRef = A61CE0B41F67EC3100CF1234 /* JSONSwiftyTests.swift */; };
		A61CE0C01F67EC3100CF1234 /* JSONSwiftyUITests.swift in Sources */ = {isa = PBXBuildFile; fileRef = A61CE0BF1F67EC3100CF1234 /* JSONSwiftyUITests.swift */; };
		A61CE0D11F67EC6D00CF1234 /* Export.swift in Sources */ = {isa = PBXBuildFile; fileRef = A61CE0CE1F67EC6D00CF1234 /* Export.swift */; };
		A61EE84A1F726C2500DEA662 /* BuiltInBasicType.swift in Sources */ = {isa = PBXBuildFile; fileRef = A61EE83A1F726C2500DEA662 /* BuiltInBasicType.swift */; };
		A61EE84B1F726C2500DEA662 /* BuiltInBridgeType.swift in Sources */ = {isa = PBXBuildFile; fileRef = A61EE83B1F726C2500DEA662 /* BuiltInBridgeType.swift */; };
		A61EE84C1F726C2500DEA662 /* Configuration.swift in Sources */ = {isa = PBXBuildFile; fileRef = A61EE83C1F726C2500DEA662 /* Configuration.swift */; };
		A61EE84D1F726C2500DEA662 /* Deserializer.swift in Sources */ = {isa = PBXBuildFile; fileRef = A61EE83D1F726C2500DEA662 /* Deserializer.swift */; };
		A61EE84E1F726C2500DEA662 /* EnumType.swift in Sources */ = {isa = PBXBuildFile; fileRef = A61EE83E1F726C2500DEA662 /* EnumType.swift */; };
		A61EE84F1F726C2500DEA662 /* ExtendCustomBasicType.swift in Sources */ = {isa = PBXBuildFile; fileRef = A61EE83F1F726C2500DEA662 /* ExtendCustomBasicType.swift */; };
		A61EE8501F726C2500DEA662 /* ExtendCustomModelType.swift in Sources */ = {isa = PBXBuildFile; fileRef = A61EE8401F726C2500DEA662 /* ExtendCustomModelType.swift */; };
		A61EE8511F726C2500DEA662 /* HelpingMapper.swift in Sources */ = {isa = PBXBuildFile; fileRef = A61EE8411F726C2500DEA662 /* HelpingMapper.swift */; };
		A61EE8521F726C2500DEA662 /* Logger.swift in Sources */ = {isa = PBXBuildFile; fileRef = A61EE8421F726C2500DEA662 /* Logger.swift */; };
		A61EE8531F726C2500DEA662 /* Measuable.swift in Sources */ = {isa = PBXBuildFile; fileRef = A61EE8431F726C2500DEA662 /* Measuable.swift */; };
		A61EE8541F726C2500DEA662 /* PropertyInfo.swift in Sources */ = {isa = PBXBuildFile; fileRef = A61EE8441F726C2500DEA662 /* PropertyInfo.swift */; };
		A61EE8551F726C2500DEA662 /* Serializer.swift in Sources */ = {isa = PBXBuildFile; fileRef = A61EE8451F726C2500DEA662 /* Serializer.swift */; };
		A61EE8561F726C2500DEA662 /* Transformable.swift in Sources */ = {isa = PBXBuildFile; fileRef = A61EE8461F726C2500DEA662 /* Transformable.swift */; };
		A61EE8581F726CDD00DEA662 /* AnyExtensions.swift in Sources */ = {isa = PBXBuildFile; fileRef = A61EE8571F726CDD00DEA662 /* AnyExtensions.swift */; };
		A61EE85A1F726CF800DEA662 /* OtherExtension.swift in Sources */ = {isa = PBXBuildFile; fileRef = A61EE8591F726CF800DEA662 /* OtherExtension.swift */; };
		A61EE85C1F729F0B00DEA662 /* Metadata.swift in Sources */ = {isa = PBXBuildFile; fileRef = A61EE85B1F729F0B00DEA662 /* Metadata.swift */; };
		A644BB3D1F94A1B000D9E439 /* Notifications.swift in Sources */ = {isa = PBXBuildFile; fileRef = A644BB3C1F94A1B000D9E439 /* Notifications.swift */; };
		A644BB3F1F94A68500D9E439 /* ParameterEncoding.swift in Sources */ = {isa = PBXBuildFile; fileRef = A644BB3E1F94A68500D9E439 /* ParameterEncoding.swift */; };
		A64C8BB61F7796C60012EF4D /* Alamofire.swift in Sources */ = {isa = PBXBuildFile; fileRef = A64C8BB51F7796C60012EF4D /* Alamofire.swift */; };
		A66758B61F7615F400811387 /* DateTransform.swift in Sources */ = {isa = PBXBuildFile; fileRef = A66758B51F7615F400811387 /* DateTransform.swift */; };
		A66758B81F76182200811387 /* DateFormatterTransform.swift in Sources */ = {isa = PBXBuildFile; fileRef = A66758B71F76182200811387 /* DateFormatterTransform.swift */; };
		A66758BA1F763BDF00811387 /* ISO8601DateTransform.swift in Sources */ = {isa = PBXBuildFile; fileRef = A66758B91F763BDF00811387 /* ISO8601DateTransform.swift */; };
		A66758BC1F763C9E00811387 /* CustomDateFormatTransform.swift in Sources */ = {isa = PBXBuildFile; fileRef = A66758BB1F763C9E00811387 /* CustomDateFormatTransform.swift */; };
		A66CD5781FA73EB90032AEA3 /* Request.swift in Sources */ = {isa = PBXBuildFile; fileRef = A66CD5771FA73EB90032AEA3 /* Request.swift */; };
		A6890CB31F7DFD0800B3AF77 /* AFError.swift in Sources */ = {isa = PBXBuildFile; fileRef = A6890CB21F7DFD0800B3AF77 /* AFError.swift */; };
		A68A5C2B1F74C0060048ADD1 /* PointerType.swift in Sources */ = {isa = PBXBuildFile; fileRef = A68A5C2A1F74C0060048ADD1 /* PointerType.swift */; };
		A68A5C2D1F74C3570048ADD1 /* Properties.swift in Sources */ = {isa = PBXBuildFile; fileRef = A68A5C2C1F74C3570048ADD1 /* Properties.swift */; };
		A68A5C351F74F7930048ADD1 /* ReflectionHelper.swift in Sources */ = {isa = PBXBuildFile; fileRef = A68A5C341F74F7930048ADD1 /* ReflectionHelper.swift */; };
		A68A5C371F74FB120048ADD1 /* TransformOf.swift in Sources */ = {isa = PBXBuildFile; fileRef = A68A5C361F74FB120048ADD1 /* TransformOf.swift */; };
		A6AF241F1F7501BC00B07472 /* TransformType.swift in Sources */ = {isa = PBXBuildFile; fileRef = A6AF241E1F7501BC00B07472 /* TransformType.swift */; };
		A6AF24251F75062700B07472 /* URLTransform.swift in Sources */ = {isa = PBXBuildFile; fileRef = A6AF24241F75062700B07472 /* URLTransform.swift */; };
		A6AF24271F750B3B00B07472 /* EnumTransform.swift in Sources */ = {isa = PBXBuildFile; fileRef = A6AF24261F750B3B00B07472 /* EnumTransform.swift */; };
		A6AF24291F750D5E00B07472 /* NSDecimalNumberTransform.swift in Sources */ = {isa = PBXBuildFile; fileRef = A6AF24281F750D5E00B07472 /* NSDecimalNumberTransform.swift */; };
		A6AF242B1F75131D00B07472 /* DataTransform.swift in Sources */ = {isa = PBXBuildFile; fileRef = A6AF242A1F75131D00B07472 /* DataTransform.swift */; };
		A6AF242D1F751CA300B07472 /* HexColorTransform.swift in Sources */ = {isa = PBXBuildFile; fileRef = A6AF242C1F751CA300B07472 /* HexColorTransform.swift */; };
/* End PBXBuildFile section */

/* Begin PBXContainerItemProxy section */
		A61CE0B11F67EC3100CF1234 /* PBXContainerItemProxy */ = {
			isa = PBXContainerItemProxy;
			containerPortal = A61CE0941F67EC3100CF1234 /* Project object */;
			proxyType = 1;
			remoteGlobalIDString = A61CE09B1F67EC3100CF1234;
			remoteInfo = JSONSwifty;
		};
		A61CE0BC1F67EC3100CF1234 /* PBXContainerItemProxy */ = {
			isa = PBXContainerItemProxy;
			containerPortal = A61CE0941F67EC3100CF1234 /* Project object */;
			proxyType = 1;
			remoteGlobalIDString = A61CE09B1F67EC3100CF1234;
			remoteInfo = JSONSwifty;
		};
/* End PBXContainerItemProxy section */

/* Begin PBXFileReference section */
		A61B40E71F73D9050066C737 /* NominalType.swift */ = {isa = PBXFileReference; lastKnownFileType = sourcecode.swift; path = NominalType.swift; sourceTree = "<group>"; };
		A61CE09C1F67EC3100CF1234 /* JSONSwifty.app */ = {isa = PBXFileReference; explicitFileType = wrapper.application; includeInIndex = 0; path = JSONSwifty.app; sourceTree = BUILT_PRODUCTS_DIR; };
		A61CE09F1F67EC3100CF1234 /* AppDelegate.swift */ = {isa = PBXFileReference; lastKnownFileType = sourcecode.swift; path = AppDelegate.swift; sourceTree = "<group>"; };
		A61CE0A11F67EC3100CF1234 /* ViewController.swift */ = {isa = PBXFileReference; lastKnownFileType = sourcecode.swift; path = ViewController.swift; sourceTree = "<group>"; };
		A61CE0A41F67EC3100CF1234 /* Base */ = {isa = PBXFileReference; lastKnownFileType = file.storyboard; name = Base; path = Base.lproj/Main.storyboard; sourceTree = "<group>"; };
		A61CE0A61F67EC3100CF1234 /* Assets.xcassets */ = {isa = PBXFileReference; lastKnownFileType = folder.assetcatalog; path = Assets.xcassets; sourceTree = "<group>"; };
		A61CE0A91F67EC3100CF1234 /* Base */ = {isa = PBXFileReference; lastKnownFileType = file.storyboard; name = Base; path = Base.lproj/LaunchScreen.storyboard; sourceTree = "<group>"; };
		A61CE0AB1F67EC3100CF1234 /* Info.plist */ = {isa = PBXFileReference; lastKnownFileType = text.plist.xml; path = Info.plist; sourceTree = "<group>"; };
		A61CE0B01F67EC3100CF1234 /* JSONSwiftyTests.xctest */ = {isa = PBXFileReference; explicitFileType = wrapper.cfbundle; includeInIndex = 0; path = JSONSwiftyTests.xctest; sourceTree = BUILT_PRODUCTS_DIR; };
		A61CE0B41F67EC3100CF1234 /* JSONSwiftyTests.swift */ = {isa = PBXFileReference; lastKnownFileType = sourcecode.swift; path = JSONSwiftyTests.swift; sourceTree = "<group>"; };
		A61CE0B61F67EC3100CF1234 /* Info.plist */ = {isa = PBXFileReference; lastKnownFileType = text.plist.xml; path = Info.plist; sourceTree = "<group>"; };
		A61CE0BB1F67EC3100CF1234 /* JSONSwiftyUITests.xctest */ = {isa = PBXFileReference; explicitFileType = wrapper.cfbundle; includeInIndex = 0; path = JSONSwiftyUITests.xctest; sourceTree = BUILT_PRODUCTS_DIR; };
		A61CE0BF1F67EC3100CF1234 /* JSONSwiftyUITests.swift */ = {isa = PBXFileReference; lastKnownFileType = sourcecode.swift; path = JSONSwiftyUITests.swift; sourceTree = "<group>"; };
		A61CE0C11F67EC3100CF1234 /* Info.plist */ = {isa = PBXFileReference; lastKnownFileType = text.plist.xml; path = Info.plist; sourceTree = "<group>"; };
		A61CE0CE1F67EC6D00CF1234 /* Export.swift */ = {isa = PBXFileReference; fileEncoding = 4; lastKnownFileType = sourcecode.swift; path = Export.swift; sourceTree = "<group>"; };
		A61EE83A1F726C2500DEA662 /* BuiltInBasicType.swift */ = {isa = PBXFileReference; fileEncoding = 4; lastKnownFileType = sourcecode.swift; path = BuiltInBasicType.swift; sourceTree = "<group>"; };
		A61EE83B1F726C2500DEA662 /* BuiltInBridgeType.swift */ = {isa = PBXFileReference; fileEncoding = 4; lastKnownFileType = sourcecode.swift; path = BuiltInBridgeType.swift; sourceTree = "<group>"; };
		A61EE83C1F726C2500DEA662 /* Configuration.swift */ = {isa = PBXFileReference; fileEncoding = 4; lastKnownFileType = sourcecode.swift; path = Configuration.swift; sourceTree = "<group>"; };
		A61EE83D1F726C2500DEA662 /* Deserializer.swift */ = {isa = PBXFileReference; fileEncoding = 4; lastKnownFileType = sourcecode.swift; path = Deserializer.swift; sourceTree = "<group>"; };
		A61EE83E1F726C2500DEA662 /* EnumType.swift */ = {isa = PBXFileReference; fileEncoding = 4; lastKnownFileType = sourcecode.swift; path = EnumType.swift; sourceTree = "<group>"; };
		A61EE83F1F726C2500DEA662 /* ExtendCustomBasicType.swift */ = {isa = PBXFileReference; fileEncoding = 4; lastKnownFileType = sourcecode.swift; path = ExtendCustomBasicType.swift; sourceTree = "<group>"; };
		A61EE8401F726C2500DEA662 /* ExtendCustomModelType.swift */ = {isa = PBXFileReference; fileEncoding = 4; lastKnownFileType = sourcecode.swift; path = ExtendCustomModelType.swift; sourceTree = "<group>"; };
		A61EE8411F726C2500DEA662 /* HelpingMapper.swift */ = {isa = PBXFileReference; fileEncoding = 4; lastKnownFileType = sourcecode.swift; path = HelpingMapper.swift; sourceTree = "<group>"; };
		A61EE8421F726C2500DEA662 /* Logger.swift */ = {isa = PBXFileReference; fileEncoding = 4; lastKnownFileType = sourcecode.swift; path = Logger.swift; sourceTree = "<group>"; };
		A61EE8431F726C2500DEA662 /* Measuable.swift */ = {isa = PBXFileReference; fileEncoding = 4; lastKnownFileType = sourcecode.swift; path = Measuable.swift; sourceTree = "<group>"; };
		A61EE8441F726C2500DEA662 /* PropertyInfo.swift */ = {isa = PBXFileReference; fileEncoding = 4; lastKnownFileType = sourcecode.swift; path = PropertyInfo.swift; sourceTree = "<group>"; };
		A61EE8451F726C2500DEA662 /* Serializer.swift */ = {isa = PBXFileReference; fileEncoding = 4; lastKnownFileType = sourcecode.swift; path = Serializer.swift; sourceTree = "<group>"; };
		A61EE8461F726C2500DEA662 /* Transformable.swift */ = {isa = PBXFileReference; fileEncoding = 4; lastKnownFileType = sourcecode.swift; path = Transformable.swift; sourceTree = "<group>"; };
		A61EE8571F726CDD00DEA662 /* AnyExtensions.swift */ = {isa = PBXFileReference; lastKnownFileType = sourcecode.swift; path = AnyExtensions.swift; sourceTree = "<group>"; };
		A61EE8591F726CF800DEA662 /* OtherExtension.swift */ = {isa = PBXFileReference; lastKnownFileType = sourcecode.swift; path = OtherExtension.swift; sourceTree = "<group>"; };
		A61EE85B1F729F0B00DEA662 /* Metadata.swift */ = {isa = PBXFileReference; lastKnownFileType = sourcecode.swift; path = Metadata.swift; sourceTree = "<group>"; };
		A644BB3C1F94A1B000D9E439 /* Notifications.swift */ = {isa = PBXFileReference; lastKnownFileType = sourcecode.swift; path = Notifications.swift; sourceTree = "<group>"; };
		A644BB3E1F94A68500D9E439 /* ParameterEncoding.swift */ = {isa = PBXFileReference; lastKnownFileType = sourcecode.swift; path = ParameterEncoding.swift; sourceTree = "<group>"; };
		A64C8BB51F7796C60012EF4D /* Alamofire.swift */ = {isa = PBXFileReference; lastKnownFileType = sourcecode.swift; path = Alamofire.swift; sourceTree = "<group>"; };
		A66758B51F7615F400811387 /* DateTransform.swift */ = {isa = PBXFileReference; lastKnownFileType = sourcecode.swift; path = DateTransform.swift; sourceTree = "<group>"; };
		A66758B71F76182200811387 /* DateFormatterTransform.swift */ = {isa = PBXFileReference; lastKnownFileType = sourcecode.swift; path = DateFormatterTransform.swift; sourceTree = "<group>"; };
		A66758B91F763BDF00811387 /* ISO8601DateTransform.swift */ = {isa = PBXFileReference; lastKnownFileType = sourcecode.swift; path = ISO8601DateTransform.swift; sourceTree = "<group>"; };
		A66758BB1F763C9E00811387 /* CustomDateFormatTransform.swift */ = {isa = PBXFileReference; lastKnownFileType = sourcecode.swift; path = CustomDateFormatTransform.swift; sourceTree = "<group>"; };
		A66CD5771FA73EB90032AEA3 /* Request.swift */ = {isa = PBXFileReference; lastKnownFileType = sourcecode.swift; path = Request.swift; sourceTree = "<group>"; };
		A6890CB21F7DFD0800B3AF77 /* AFError.swift */ = {isa = PBXFileReference; lastKnownFileType = sourcecode.swift; path = AFError.swift; sourceTree = "<group>"; };
		A68A5C2A1F74C0060048ADD1 /* PointerType.swift */ = {isa = PBXFileReference; lastKnownFileType = sourcecode.swift; path = PointerType.swift; sourceTree = "<group>"; };
		A68A5C2C1F74C3570048ADD1 /* Properties.swift */ = {isa = PBXFileReference; lastKnownFileType = sourcecode.swift; path = Properties.swift; sourceTree = "<group>"; };
		A68A5C341F74F7930048ADD1 /* ReflectionHelper.swift */ = {isa = PBXFileReference; lastKnownFileType = sourcecode.swift; path = ReflectionHelper.swift; sourceTree = "<group>"; };
		A68A5C361F74FB120048ADD1 /* TransformOf.swift */ = {isa = PBXFileReference; lastKnownFileType = sourcecode.swift; path = TransformOf.swift; sourceTree = "<group>"; };
		A6AF241E1F7501BC00B07472 /* TransformType.swift */ = {isa = PBXFileReference; lastKnownFileType = sourcecode.swift; path = TransformType.swift; sourceTree = "<group>"; };
		A6AF24241F75062700B07472 /* URLTransform.swift */ = {isa = PBXFileReference; lastKnownFileType = sourcecode.swift; path = URLTransform.swift; sourceTree = "<group>"; };
		A6AF24261F750B3B00B07472 /* EnumTransform.swift */ = {isa = PBXFileReference; lastKnownFileType = sourcecode.swift; path = EnumTransform.swift; sourceTree = "<group>"; };
		A6AF24281F750D5E00B07472 /* NSDecimalNumberTransform.swift */ = {isa = PBXFileReference; lastKnownFileType = sourcecode.swift; path = NSDecimalNumberTransform.swift; sourceTree = "<group>"; };
		A6AF242A1F75131D00B07472 /* DataTransform.swift */ = {isa = PBXFileReference; lastKnownFileType = sourcecode.swift; path = DataTransform.swift; sourceTree = "<group>"; };
		A6AF242C1F751CA300B07472 /* HexColorTransform.swift */ = {isa = PBXFileReference; lastKnownFileType = sourcecode.swift; path = HexColorTransform.swift; sourceTree = "<group>"; };
/* End PBXFileReference section */

/* Begin PBXFrameworksBuildPhase section */
		A61CE0991F67EC3100CF1234 /* Frameworks */ = {
			isa = PBXFrameworksBuildPhase;
			buildActionMask = 2147483647;
			files = (
			);
			runOnlyForDeploymentPostprocessing = 0;
		};
		A61CE0AD1F67EC3100CF1234 /* Frameworks */ = {
			isa = PBXFrameworksBuildPhase;
			buildActionMask = 2147483647;
			files = (
			);
			runOnlyForDeploymentPostprocessing = 0;
		};
		A61CE0B81F67EC3100CF1234 /* Frameworks */ = {
			isa = PBXFrameworksBuildPhase;
			buildActionMask = 2147483647;
			files = (
			);
			runOnlyForDeploymentPostprocessing = 0;
		};
/* End PBXFrameworksBuildPhase section */

/* Begin PBXGroup section */
		A61CE0931F67EC3100CF1234 = {
			isa = PBXGroup;
			children = (
				A61CE09E1F67EC3100CF1234 /* JSONSwifty */,
				A61CE0B31F67EC3100CF1234 /* JSONSwiftyTests */,
				A61CE0BE1F67EC3100CF1234 /* JSONSwiftyUITests */,
				A61CE09D1F67EC3100CF1234 /* Products */,
			);
			sourceTree = "<group>";
		};
		A61CE09D1F67EC3100CF1234 /* Products */ = {
			isa = PBXGroup;
			children = (
				A61CE09C1F67EC3100CF1234 /* JSONSwifty.app */,
				A61CE0B01F67EC3100CF1234 /* JSONSwiftyTests.xctest */,
				A61CE0BB1F67EC3100CF1234 /* JSONSwiftyUITests.xctest */,
			);
			name = Products;
			sourceTree = "<group>";
		};
		A61CE09E1F67EC3100CF1234 /* JSONSwifty */ = {
			isa = PBXGroup;
			children = (
				A64C8BB11F7796A70012EF4D /* Alamofire */,
				A61CE0CD1F67EC6D00CF1234 /* JSONKit */,
				A61CE09F1F67EC3100CF1234 /* AppDelegate.swift */,
				A61CE0A11F67EC3100CF1234 /* ViewController.swift */,
				A61CE0A31F67EC3100CF1234 /* Main.storyboard */,
				A61CE0A61F67EC3100CF1234 /* Assets.xcassets */,
				A61CE0A81F67EC3100CF1234 /* LaunchScreen.storyboard */,
				A61CE0AB1F67EC3100CF1234 /* Info.plist */,
			);
			path = JSONSwifty;
			sourceTree = "<group>";
		};
		A61CE0B31F67EC3100CF1234 /* JSONSwiftyTests */ = {
			isa = PBXGroup;
			children = (
				A61CE0B41F67EC3100CF1234 /* JSONSwiftyTests.swift */,
				A61CE0B61F67EC3100CF1234 /* Info.plist */,
			);
			path = JSONSwiftyTests;
			sourceTree = "<group>";
		};
		A61CE0BE1F67EC3100CF1234 /* JSONSwiftyUITests */ = {
			isa = PBXGroup;
			children = (
				A61CE0BF1F67EC3100CF1234 /* JSONSwiftyUITests.swift */,
				A61CE0C11F67EC3100CF1234 /* Info.plist */,
			);
			path = JSONSwiftyUITests;
			sourceTree = "<group>";
		};
		A61CE0CD1F67EC6D00CF1234 /* JSONKit */ = {
			isa = PBXGroup;
			children = (
				A61EE8391F726C2500DEA662 /* BaseOperation */,
				A61EE8491F726C2500DEA662 /* Reflection */,
				A61EE8471F726C2500DEA662 /* Transforms */,
				A61EE8481F726C2500DEA662 /* Date */,
				A61CE0CE1F67EC6D00CF1234 /* Export.swift */,
			);
			path = JSONKit;
			sourceTree = "<group>";
		};
		A61EE8391F726C2500DEA662 /* BaseOperation */ = {
			isa = PBXGroup;
			children = (
				A61EE8431F726C2500DEA662 /* Measuable.swift */,
				A61EE8461F726C2500DEA662 /* Transformable.swift */,
				A61EE83A1F726C2500DEA662 /* BuiltInBasicType.swift */,
				A61EE83B1F726C2500DEA662 /* BuiltInBridgeType.swift */,
				A61EE83E1F726C2500DEA662 /* EnumType.swift */,
				A61EE8401F726C2500DEA662 /* ExtendCustomModelType.swift */,
				A61EE83F1F726C2500DEA662 /* ExtendCustomBasicType.swift */,
				A61EE8441F726C2500DEA662 /* PropertyInfo.swift */,
				A61EE83D1F726C2500DEA662 /* Deserializer.swift */,
				A61EE8451F726C2500DEA662 /* Serializer.swift */,
				A61EE8411F726C2500DEA662 /* HelpingMapper.swift */,
				A61EE8421F726C2500DEA662 /* Logger.swift */,
				A61EE83C1F726C2500DEA662 /* Configuration.swift */,
			);
			path = BaseOperation;
			sourceTree = "<group>";
		};
		A61EE8471F726C2500DEA662 /* Transforms */ = {
			isa = PBXGroup;
			children = (
				A68A5C361F74FB120048ADD1 /* TransformOf.swift */,
				A6AF241E1F7501BC00B07472 /* TransformType.swift */,
				A6AF24241F75062700B07472 /* URLTransform.swift */,
				A6AF24261F750B3B00B07472 /* EnumTransform.swift */,
				A6AF24281F750D5E00B07472 /* NSDecimalNumberTransform.swift */,
				A6AF242A1F75131D00B07472 /* DataTransform.swift */,
				A6AF242C1F751CA300B07472 /* HexColorTransform.swift */,
			);
			path = Transforms;
			sourceTree = "<group>";
		};
		A61EE8481F726C2500DEA662 /* Date */ = {
			isa = PBXGroup;
			children = (
				A66758B51F7615F400811387 /* DateTransform.swift */,
				A66758B71F76182200811387 /* DateFormatterTransform.swift */,
				A66758B91F763BDF00811387 /* ISO8601DateTransform.swift */,
				A66758BB1F763C9E00811387 /* CustomDateFormatTransform.swift */,
			);
			path = Date;
			sourceTree = "<group>";
		};
		A61EE8491F726C2500DEA662 /* Reflection */ = {
			isa = PBXGroup;
			children = (
				A61EE8571F726CDD00DEA662 /* AnyExtensions.swift */,
				A61EE8591F726CF800DEA662 /* OtherExtension.swift */,
				A61EE85B1F729F0B00DEA662 /* Metadata.swift */,
				A61B40E71F73D9050066C737 /* NominalType.swift */,
				A68A5C2A1F74C0060048ADD1 /* PointerType.swift */,
				A68A5C2C1F74C3570048ADD1 /* Properties.swift */,
				A68A5C341F74F7930048ADD1 /* ReflectionHelper.swift */,
			);
			path = Reflection;
			sourceTree = "<group>";
		};
		A64C8BB11F7796A70012EF4D /* Alamofire */ = {
			isa = PBXGroup;
			children = (
				A64C8BB51F7796C60012EF4D /* Alamofire.swift */,
				A64C8BB21F7796A70012EF4D /* Core */,
				A64C8BB31F7796A70012EF4D /* Extensions */,
				A64C8BB41F7796A70012EF4D /* Features */,
			);
			path = Alamofire;
			sourceTree = "<group>";
		};
		A64C8BB21F7796A70012EF4D /* Core */ = {
			isa = PBXGroup;
			children = (
				A6890CB21F7DFD0800B3AF77 /* AFError.swift */,
				A644BB3C1F94A1B000D9E439 /* Notifications.swift */,
				A644BB3E1F94A68500D9E439 /* ParameterEncoding.swift */,
				A66CD5771FA73EB90032AEA3 /* Request.swift */,
			);
			path = Core;
			sourceTree = "<group>";
		};
		A64C8BB31F7796A70012EF4D /* Extensions */ = {
			isa = PBXGroup;
			children = (
			);
			path = Extensions;
			sourceTree = "<group>";
		};
		A64C8BB41F7796A70012EF4D /* Features */ = {
			isa = PBXGroup;
			children = (
			);
			path = Features;
			sourceTree = "<group>";
		};
/* End PBXGroup section */

/* Begin PBXNativeTarget section */
		A61CE09B1F67EC3100CF1234 /* JSONSwifty */ = {
			isa = PBXNativeTarget;
			buildConfigurationList = A61CE0C41F67EC3100CF1234 /* Build configuration list for PBXNativeTarget "JSONSwifty" */;
			buildPhases = (
				A61CE0981F67EC3100CF1234 /* Sources */,
				A61CE0991F67EC3100CF1234 /* Frameworks */,
				A61CE09A1F67EC3100CF1234 /* Resources */,
			);
			buildRules = (
			);
			dependencies = (
			);
			name = JSONSwifty;
			productName = JSONSwifty;
			productReference = A61CE09C1F67EC3100CF1234 /* JSONSwifty.app */;
			productType = "com.apple.product-type.application";
		};
		A61CE0AF1F67EC3100CF1234 /* JSONSwiftyTests */ = {
			isa = PBXNativeTarget;
			buildConfigurationList = A61CE0C71F67EC3100CF1234 /* Build configuration list for PBXNativeTarget "JSONSwiftyTests" */;
			buildPhases = (
				A61CE0AC1F67EC3100CF1234 /* Sources */,
				A61CE0AD1F67EC3100CF1234 /* Frameworks */,
				A61CE0AE1F67EC3100CF1234 /* Resources */,
			);
			buildRules = (
			);
			dependencies = (
				A61CE0B21F67EC3100CF1234 /* PBXTargetDependency */,
			);
			name = JSONSwiftyTests;
			productName = JSONSwiftyTests;
			productReference = A61CE0B01F67EC3100CF1234 /* JSONSwiftyTests.xctest */;
			productType = "com.apple.product-type.bundle.unit-test";
		};
		A61CE0BA1F67EC3100CF1234 /* JSONSwiftyUITests */ = {
			isa = PBXNativeTarget;
			buildConfigurationList = A61CE0CA1F67EC3100CF1234 /* Build configuration list for PBXNativeTarget "JSONSwiftyUITests" */;
			buildPhases = (
				A61CE0B71F67EC3100CF1234 /* Sources */,
				A61CE0B81F67EC3100CF1234 /* Frameworks */,
				A61CE0B91F67EC3100CF1234 /* Resources */,
			);
			buildRules = (
			);
			dependencies = (
				A61CE0BD1F67EC3100CF1234 /* PBXTargetDependency */,
			);
			name = JSONSwiftyUITests;
			productName = JSONSwiftyUITests;
			productReference = A61CE0BB1F67EC3100CF1234 /* JSONSwiftyUITests.xctest */;
			productType = "com.apple.product-type.bundle.ui-testing";
		};
/* End PBXNativeTarget section */

/* Begin PBXProject section */
		A61CE0941F67EC3100CF1234 /* Project object */ = {
			isa = PBXProject;
			attributes = {
				LastSwiftUpdateCheck = 0830;
				LastUpgradeCheck = 0830;
				ORGANIZATIONNAME = "Shaoqing Fan";
				TargetAttributes = {
					A61CE09B1F67EC3100CF1234 = {
						CreatedOnToolsVersion = 8.3.3;
						ProvisioningStyle = Automatic;
					};
					A61CE0AF1F67EC3100CF1234 = {
						CreatedOnToolsVersion = 8.3.3;
						ProvisioningStyle = Automatic;
						TestTargetID = A61CE09B1F67EC3100CF1234;
					};
					A61CE0BA1F67EC3100CF1234 = {
						CreatedOnToolsVersion = 8.3.3;
						ProvisioningStyle = Automatic;
						TestTargetID = A61CE09B1F67EC3100CF1234;
					};
				};
			};
			buildConfigurationList = A61CE0971F67EC3100CF1234 /* Build configuration list for PBXProject "JSONSwifty" */;
			compatibilityVersion = "Xcode 3.2";
			developmentRegion = English;
			hasScannedForEncodings = 0;
			knownRegions = (
				en,
				Base,
			);
			mainGroup = A61CE0931F67EC3100CF1234;
			productRefGroup = A61CE09D1F67EC3100CF1234 /* Products */;
			projectDirPath = "";
			projectRoot = "";
			targets = (
				A61CE09B1F67EC3100CF1234 /* JSONSwifty */,
				A61CE0AF1F67EC3100CF1234 /* JSONSwiftyTests */,
				A61CE0BA1F67EC3100CF1234 /* JSONSwiftyUITests */,
			);
		};
/* End PBXProject section */

/* Begin PBXResourcesBuildPhase section */
		A61CE09A1F67EC3100CF1234 /* Resources */ = {
			isa = PBXResourcesBuildPhase;
			buildActionMask = 2147483647;
			files = (
				A61CE0AA1F67EC3100CF1234 /* LaunchScreen.storyboard in Resources */,
				A61CE0A71F67EC3100CF1234 /* Assets.xcassets in Resources */,
				A61CE0A51F67EC3100CF1234 /* Main.storyboard in Resources */,
			);
			runOnlyForDeploymentPostprocessing = 0;
		};
		A61CE0AE1F67EC3100CF1234 /* Resources */ = {
			isa = PBXResourcesBuildPhase;
			buildActionMask = 2147483647;
			files = (
			);
			runOnlyForDeploymentPostprocessing = 0;
		};
		A61CE0B91F67EC3100CF1234 /* Resources */ = {
			isa = PBXResourcesBuildPhase;
			buildActionMask = 2147483647;
			files = (
			);
			runOnlyForDeploymentPostprocessing = 0;
		};
/* End PBXResourcesBuildPhase section */

/* Begin PBXSourcesBuildPhase section */
		A61CE0981F67EC3100CF1234 /* Sources */ = {
			isa = PBXSourcesBuildPhase;
			buildActionMask = 2147483647;
			files = (
				A61B40E81F73D9050066C737 /* NominalType.swift in Sources */,
				A66CD5781FA73EB90032AEA3 /* Request.swift in Sources */,
				A61EE8541F726C2500DEA662 /* PropertyInfo.swift in Sources */,
				A61EE8581F726CDD00DEA662 /* AnyExtensions.swift in Sources */,
				A61EE85A1F726CF800DEA662 /* OtherExtension.swift in Sources */,
				A61EE84E1F726C2500DEA662 /* EnumType.swift in Sources */,
				A644BB3D1F94A1B000D9E439 /* Notifications.swift in Sources */,
				A66758B81F76182200811387 /* DateFormatterTransform.swift in Sources */,
				A64C8BB61F7796C60012EF4D /* Alamofire.swift in Sources */,
				A66758BA1F763BDF00811387 /* ISO8601DateTransform.swift in Sources */,
				A66758B61F7615F400811387 /* DateTransform.swift in Sources */,
				A61EE8511F726C2500DEA662 /* HelpingMapper.swift in Sources */,
				A61EE84D1F726C2500DEA662 /* Deserializer.swift in Sources */,
				A61EE8551F726C2500DEA662 /* Serializer.swift in Sources */,
				A68A5C2D1F74C3570048ADD1 /* Properties.swift in Sources */,
				A644BB3F1F94A68500D9E439 /* ParameterEncoding.swift in Sources */,
				A61EE8531F726C2500DEA662 /* Measuable.swift in Sources */,
				A61EE84C1F726C2500DEA662 /* Configuration.swift in Sources */,
				A68A5C2B1F74C0060048ADD1 /* PointerType.swift in Sources */,
				A6AF24251F75062700B07472 /* URLTransform.swift in Sources */,
				A61EE84F1F726C2500DEA662 /* ExtendCustomBasicType.swift in Sources */,
				A6AF242B1F75131D00B07472 /* DataTransform.swift in Sources */,
				A61EE84A1F726C2500DEA662 /* BuiltInBasicType.swift in Sources */,
				A61CE0A21F67EC3100CF1234 /* ViewController.swift in Sources */,
				A61EE85C1F729F0B00DEA662 /* Metadata.swift in Sources */,
				A6AF242D1F751CA300B07472 /* HexColorTransform.swift in Sources */,
				A61EE84B1F726C2500DEA662 /* BuiltInBridgeType.swift in Sources */,
				A61EE8521F726C2500DEA662 /* Logger.swift in Sources */,
				A61CE0A01F67EC3100CF1234 /* AppDelegate.swift in Sources */,
				A68A5C351F74F7930048ADD1 /* ReflectionHelper.swift in Sources */,
				A6AF241F1F7501BC00B07472 /* TransformType.swift in Sources */,
				A6AF24291F750D5E00B07472 /* NSDecimalNumberTransform.swift in Sources */,
				A6890CB31F7DFD0800B3AF77 /* AFError.swift in Sources */,
				A66758BC1F763C9E00811387 /* CustomDateFormatTransform.swift in Sources */,
				A61EE8501F726C2500DEA662 /* ExtendCustomModelType.swift in Sources */,
				A68A5C371F74FB120048ADD1 /* TransformOf.swift in Sources */,
				A6AF24271F750B3B00B07472 /* EnumTransform.swift in Sources */,
				A61EE8561F726C2500DEA662 /* Transformable.swift in Sources */,
				A61CE0D11F67EC6D00CF1234 /* Export.swift in Sources */,
			);
			runOnlyForDeploymentPostprocessing = 0;
		};
		A61CE0AC1F67EC3100CF1234 /* Sources */ = {
			isa = PBXSourcesBuildPhase;
			buildActionMask = 2147483647;
			files = (
				A61CE0B51F67EC3100CF1234 /* JSONSwiftyTests.swift in Sources */,
			);
			runOnlyForDeploymentPostprocessing = 0;
		};
		A61CE0B71F67EC3100CF1234 /* Sources */ = {
			isa = PBXSourcesBuildPhase;
			buildActionMask = 2147483647;
			files = (
				A61CE0C01F67EC3100CF1234 /* JSONSwiftyUITests.swift in Sources */,
			);
			runOnlyForDeploymentPostprocessing = 0;
		};
/* End PBXSourcesBuildPhase section */

/* Begin PBXTargetDependency section */
		A61CE0B21F67EC3100CF1234 /* PBXTargetDependency */ = {
			isa = PBXTargetDependency;
			target = A61CE09B1F67EC3100CF1234 /* JSONSwifty */;
			targetProxy = A61CE0B11F67EC3100CF1234 /* PBXContainerItemProxy */;
		};
		A61CE0BD1F67EC3100CF1234 /* PBXTargetDependency */ = {
			isa = PBXTargetDependency;
			target = A61CE09B1F67EC3100CF1234 /* JSONSwifty */;
			targetProxy = A61CE0BC1F67EC3100CF1234 /* PBXContainerItemProxy */;
		};
/* End PBXTargetDependency section */

/* Begin PBXVariantGroup section */
		A61CE0A31F67EC3100CF1234 /* Main.storyboard */ = {
			isa = PBXVariantGroup;
			children = (
				A61CE0A41F67EC3100CF1234 /* Base */,
			);
			name = Main.storyboard;
			sourceTree = "<group>";
		};
		A61CE0A81F67EC3100CF1234 /* LaunchScreen.storyboard */ = {
			isa = PBXVariantGroup;
			children = (
				A61CE0A91F67EC3100CF1234 /* Base */,
			);
			name = LaunchScreen.storyboard;
			sourceTree = "<group>";
		};
/* End PBXVariantGroup section */

/* Begin XCBuildConfiguration section */
		A61CE0C21F67EC3100CF1234 /* Debug */ = {
			isa = XCBuildConfiguration;
			buildSettings = {
				ALWAYS_SEARCH_USER_PATHS = NO;
				CLANG_ANALYZER_NONNULL = YES;
				CLANG_ANALYZER_NUMBER_OBJECT_CONVERSION = YES_AGGRESSIVE;
				CLANG_CXX_LANGUAGE_STANDARD = "gnu++0x";
				CLANG_CXX_LIBRARY = "libc++";
				CLANG_ENABLE_MODULES = YES;
				CLANG_ENABLE_OBJC_ARC = YES;
				CLANG_WARN_BOOL_CONVERSION = YES;
				CLANG_WARN_CONSTANT_CONVERSION = YES;
				CLANG_WARN_DIRECT_OBJC_ISA_USAGE = YES_ERROR;
				CLANG_WARN_DOCUMENTATION_COMMENTS = YES;
				CLANG_WARN_EMPTY_BODY = YES;
				CLANG_WARN_ENUM_CONVERSION = YES;
				CLANG_WARN_INFINITE_RECURSION = YES;
				CLANG_WARN_INT_CONVERSION = YES;
				CLANG_WARN_OBJC_ROOT_CLASS = YES_ERROR;
				CLANG_WARN_SUSPICIOUS_MOVE = YES;
				CLANG_WARN_UNREACHABLE_CODE = YES;
				CLANG_WARN__DUPLICATE_METHOD_MATCH = YES;
				"CODE_SIGN_IDENTITY[sdk=iphoneos*]" = "iPhone Developer";
				COPY_PHASE_STRIP = NO;
				DEBUG_INFORMATION_FORMAT = dwarf;
				ENABLE_STRICT_OBJC_MSGSEND = YES;
				ENABLE_TESTABILITY = YES;
				GCC_C_LANGUAGE_STANDARD = gnu99;
				GCC_DYNAMIC_NO_PIC = NO;
				GCC_NO_COMMON_BLOCKS = YES;
				GCC_OPTIMIZATION_LEVEL = 0;
				GCC_PREPROCESSOR_DEFINITIONS = (
					"DEBUG=1",
					"$(inherited)",
				);
				GCC_WARN_64_TO_32_BIT_CONVERSION = YES;
				GCC_WARN_ABOUT_RETURN_TYPE = YES_ERROR;
				GCC_WARN_UNDECLARED_SELECTOR = YES;
				GCC_WARN_UNINITIALIZED_AUTOS = YES_AGGRESSIVE;
				GCC_WARN_UNUSED_FUNCTION = YES;
				GCC_WARN_UNUSED_VARIABLE = YES;
				IPHONEOS_DEPLOYMENT_TARGET = 10.3;
				MTL_ENABLE_DEBUG_INFO = YES;
				ONLY_ACTIVE_ARCH = YES;
				SDKROOT = iphoneos;
				SWIFT_ACTIVE_COMPILATION_CONDITIONS = DEBUG;
				SWIFT_OPTIMIZATION_LEVEL = "-Onone";
				TARGETED_DEVICE_FAMILY = "1,2";
			};
			name = Debug;
		};
		A61CE0C31F67EC3100CF1234 /* Release */ = {
			isa = XCBuildConfiguration;
			buildSettings = {
				ALWAYS_SEARCH_USER_PATHS = NO;
				CLANG_ANALYZER_NONNULL = YES;
				CLANG_ANALYZER_NUMBER_OBJECT_CONVERSION = YES_AGGRESSIVE;
				CLANG_CXX_LANGUAGE_STANDARD = "gnu++0x";
				CLANG_CXX_LIBRARY = "libc++";
				CLANG_ENABLE_MODULES = YES;
				CLANG_ENABLE_OBJC_ARC = YES;
				CLANG_WARN_BOOL_CONVERSION = YES;
				CLANG_WARN_CONSTANT_CONVERSION = YES;
				CLANG_WARN_DIRECT_OBJC_ISA_USAGE = YES_ERROR;
				CLANG_WARN_DOCUMENTATION_COMMENTS = YES;
				CLANG_WARN_EMPTY_BODY = YES;
				CLANG_WARN_ENUM_CONVERSION = YES;
				CLANG_WARN_INFINITE_RECURSION = YES;
				CLANG_WARN_INT_CONVERSION = YES;
				CLANG_WARN_OBJC_ROOT_CLASS = YES_ERROR;
				CLANG_WARN_SUSPICIOUS_MOVE = YES;
				CLANG_WARN_UNREACHABLE_CODE = YES;
				CLANG_WARN__DUPLICATE_METHOD_MATCH = YES;
				"CODE_SIGN_IDENTITY[sdk=iphoneos*]" = "iPhone Developer";
				COPY_PHASE_STRIP = NO;
				DEBUG_INFORMATION_FORMAT = "dwarf-with-dsym";
				ENABLE_NS_ASSERTIONS = NO;
				ENABLE_STRICT_OBJC_MSGSEND = YES;
				GCC_C_LANGUAGE_STANDARD = gnu99;
				GCC_NO_COMMON_BLOCKS = YES;
				GCC_WARN_64_TO_32_BIT_CONVERSION = YES;
				GCC_WARN_ABOUT_RETURN_TYPE = YES_ERROR;
				GCC_WARN_UNDECLARED_SELECTOR = YES;
				GCC_WARN_UNINITIALIZED_AUTOS = YES_AGGRESSIVE;
				GCC_WARN_UNUSED_FUNCTION = YES;
				GCC_WARN_UNUSED_VARIABLE = YES;
				IPHONEOS_DEPLOYMENT_TARGET = 10.3;
				MTL_ENABLE_DEBUG_INFO = NO;
				SDKROOT = iphoneos;
				SWIFT_OPTIMIZATION_LEVEL = "-Owholemodule";
				TARGETED_DEVICE_FAMILY = "1,2";
				VALIDATE_PRODUCT = YES;
			};
			name = Release;
		};
		A61CE0C51F67EC3100CF1234 /* Debug */ = {
			isa = XCBuildConfiguration;
			buildSettings = {
				ASSETCATALOG_COMPILER_APPICON_NAME = AppIcon;
				INFOPLIST_FILE = JSONSwifty/Info.plist;
				LD_RUNPATH_SEARCH_PATHS = "$(inherited) @executable_path/Frameworks";
				PRODUCT_BUNDLE_IDENTIFIER = BiliBili.JSONSwifty;
				PRODUCT_NAME = "$(TARGET_NAME)";
				SWIFT_VERSION = 3.0;
			};
			name = Debug;
		};
		A61CE0C61F67EC3100CF1234 /* Release */ = {
			isa = XCBuildConfiguration;
			buildSettings = {
				ASSETCATALOG_COMPILER_APPICON_NAME = AppIcon;
				INFOPLIST_FILE = JSONSwifty/Info.plist;
				LD_RUNPATH_SEARCH_PATHS = "$(inherited) @executable_path/Frameworks";
				PRODUCT_BUNDLE_IDENTIFIER = BiliBili.JSONSwifty;
				PRODUCT_NAME = "$(TARGET_NAME)";
				SWIFT_VERSION = 3.0;
			};
			name = Release;
		};
		A61CE0C81F67EC3100CF1234 /* Debug */ = {
			isa = XCBuildConfiguration;
			buildSettings = {
				ALWAYS_EMBED_SWIFT_STANDARD_LIBRARIES = YES;
				BUNDLE_LOADER = "$(TEST_HOST)";
				INFOPLIST_FILE = JSONSwiftyTests/Info.plist;
				LD_RUNPATH_SEARCH_PATHS = "$(inherited) @executable_path/Frameworks @loader_path/Frameworks";
				PRODUCT_BUNDLE_IDENTIFIER = BiliBili.JSONSwiftyTests;
				PRODUCT_NAME = "$(TARGET_NAME)";
				SWIFT_VERSION = 3.0;
				TEST_HOST = "$(BUILT_PRODUCTS_DIR)/JSONSwifty.app/JSONSwifty";
			};
			name = Debug;
		};
		A61CE0C91F67EC3100CF1234 /* Release */ = {
			isa = XCBuildConfiguration;
			buildSettings = {
				ALWAYS_EMBED_SWIFT_STANDARD_LIBRARIES = YES;
				BUNDLE_LOADER = "$(TEST_HOST)";
				INFOPLIST_FILE = JSONSwiftyTests/Info.plist;
				LD_RUNPATH_SEARCH_PATHS = "$(inherited) @executable_path/Frameworks @loader_path/Frameworks";
				PRODUCT_BUNDLE_IDENTIFIER = BiliBili.JSONSwiftyTests;
				PRODUCT_NAME = "$(TARGET_NAME)";
				SWIFT_VERSION = 3.0;
				TEST_HOST = "$(BUILT_PRODUCTS_DIR)/JSONSwifty.app/JSONSwifty";
			};
			name = Release;
		};
		A61CE0CB1F67EC3100CF1234 /* Debug */ = {
			isa = XCBuildConfiguration;
			buildSettings = {
				ALWAYS_EMBED_SWIFT_STANDARD_LIBRARIES = YES;
				INFOPLIST_FILE = JSONSwiftyUITests/Info.plist;
				LD_RUNPATH_SEARCH_PATHS = "$(inherited) @executable_path/Frameworks @loader_path/Frameworks";
				PRODUCT_BUNDLE_IDENTIFIER = BiliBili.JSONSwiftyUITests;
				PRODUCT_NAME = "$(TARGET_NAME)";
				SWIFT_VERSION = 3.0;
				TEST_TARGET_NAME = JSONSwifty;
			};
			name = Debug;
		};
		A61CE0CC1F67EC3100CF1234 /* Release */ = {
			isa = XCBuildConfiguration;
			buildSettings = {
				ALWAYS_EMBED_SWIFT_STANDARD_LIBRARIES = YES;
				INFOPLIST_FILE = JSONSwiftyUITests/Info.plist;
				LD_RUNPATH_SEARCH_PATHS = "$(inherited) @executable_path/Frameworks @loader_path/Frameworks";
				PRODUCT_BUNDLE_IDENTIFIER = BiliBili.JSONSwiftyUITests;
				PRODUCT_NAME = "$(TARGET_NAME)";
				SWIFT_VERSION = 3.0;
				TEST_TARGET_NAME = JSONSwifty;
			};
			name = Release;
		};
/* End XCBuildConfiguration section */

/* Begin XCConfigurationList section */
		A61CE0971F67EC3100CF1234 /* Build configuration list for PBXProject "JSONSwifty" */ = {
			isa = XCConfigurationList;
			buildConfigurations = (
				A61CE0C21F67EC3100CF1234 /* Debug */,
				A61CE0C31F67EC3100CF1234 /* Release */,
			);
			defaultConfigurationIsVisible = 0;
			defaultConfigurationName = Release;
		};
		A61CE0C41F67EC3100CF1234 /* Build configuration list for PBXNativeTarget "JSONSwifty" */ = {
			isa = XCConfigurationList;
			buildConfigurations = (
				A61CE0C51F67EC3100CF1234 /* Debug */,
				A61CE0C61F67EC3100CF1234 /* Release */,
			);
			defaultConfigurationIsVisible = 0;
			defaultConfigurationName = Release;
		};
		A61CE0C71F67EC3100CF1234 /* Build configuration list for PBXNativeTarget "JSONSwiftyTests" */ = {
			isa = XCConfigurationList;
			buildConfigurations = (
				A61CE0C81F67EC3100CF1234 /* Debug */,
				A61CE0C91F67EC3100CF1234 /* Release */,
			);
			defaultConfigurationIsVisible = 0;
			defaultConfigurationName = Release;
		};
		A61CE0CA1F67EC3100CF1234 /* Build configuration list for PBXNativeTarget "JSONSwiftyUITests" */ = {
			isa = XCConfigurationList;
			buildConfigurations = (
				A61CE0CB1F67EC3100CF1234 /* Debug */,
				A61CE0CC1F67EC3100CF1234 /* Release */,
			);
			defaultConfigurationIsVisible = 0;
			defaultConfigurationName = Release;
		};
/* End XCConfigurationList section */
	};
	rootObject = A61CE0941F67EC3100CF1234 /* Project object */;
}
